
Microsoft Visual Studio Solution File, Format Version 12.00
# Visual Studio Version 16
VisualStudioVersion = 16.0.32228.343
MinimumVisualStudioVersion = 10.0.40219.1
Project("{FAE04EC0-301F-11D3-BF4B-00C04F79EFBC}") = "SquareLibrary", "SquareLibrary\SquareLibrary.csproj", "{D9A7C98F-0AE0-4FAA-AA2A-1A4D55DD1F30}"
EndProject
Global
	GlobalSection(SolutionConfigurationPlatforms) = preSolution
		Debug|Any CPU = Debug|Any CPU
		Release|Any CPU = Release|Any CPU
	EndGlobalSection
	GlobalSection(ProjectConfigurationPlatforms) = postSolution
		{D9A7C98F-0AE0-4FAA-AA2A-1A4D55DD1F30}.Debug|Any CPU.ActiveCfg = Debug|Any CPU
		{D9A7C98F-0AE0-4FAA-AA2A-1A4D55DD1F30}.Debug|Any CPU.Build.0 = Debug|Any CPU
		{D9A7C98F-0AE0-4FAA-AA2A-1A4D55DD1F30}.Release|Any CPU.ActiveCfg = Release|Any CPU
		{D9A7C98F-0AE0-4FAA-AA2A-1A4D55DD1F30}.Release|Any CPU.Build.0 = Release|Any CPU
	EndGlobalSection
	GlobalSection(SolutionProperties) = preSolution
		HideSolutionNode = FALSE
	EndGlobalSection
	GlobalSection(ExtensibilityGlobals) = postSolution
		SolutionGuid = {977A82B4-0ED2-424B-A516-6672540E5357}
	EndGlobalSection
EndGlobal
